{
  "name": "new_givingli",
  "lockfileVersion": 3,
  "requires": true,
  "packages": {
    "": {
      "dependencies": {
        "smartbanner.js": "^1.24.1"
      }
    },
    "node_modules/smartbanner.js": {
      "version": "1.24.1",
      "resolved": "https://registry.npmjs.org/smartbanner.js/-/smartbanner.js-1.24.1.tgz",
      "integrity": "sha512-ciIg4vtyjlL8dVrZYruBElTdJt7YiqkQYxhEcGEnOgChl0GmZSSYnAlwn9/e8Rnxdhny7frUnTS///5hWs4wXg==",
      "license": "GPL-3.0",
      "engines": {
        "node": ">=10.24.1 <22.0.0"
      },
      "funding": {
        "url": "https://github.com/sponsors/ain"
      }
    }
  }
}
